
Microsoft Visual Studio Solution File, Format Version 12.00
# Visual Studio Version 17
VisualStudioVersion = 17.7.34018.315
MinimumVisualStudioVersion = 10.0.40219.1
Project("{FAE04EC0-301F-11D3-BF4B-00C04F79EFBC}") = "Esercizio3", "Esercizio3\Esercizio3.csproj", "{BE6CA478-8C64-4BBD-819D-32B60F52D7DF}"
EndProject
Global
	GlobalSection(SolutionConfigurationPlatforms) = preSolution
		Debug|Any CPU = Debug|Any CPU
		Release|Any CPU = Release|Any CPU
	EndGlobalSection
	GlobalSection(ProjectConfigurationPlatforms) = postSolution
		{BE6CA478-8C64-4BBD-819D-32B60F52D7DF}.Debug|Any CPU.ActiveCfg = Debug|Any CPU
		{BE6CA478-8C64-4BBD-819D-32B60F52D7DF}.Debug|Any CPU.Build.0 = Debug|Any CPU
		{BE6CA478-8C64-4BBD-819D-32B60F52D7DF}.Release|Any CPU.ActiveCfg = Release|Any CPU
		{BE6CA478-8C64-4BBD-819D-32B60F52D7DF}.Release|Any CPU.Build.0 = Release|Any CPU
	EndGlobalSection
	GlobalSection(SolutionProperties) = preSolution
		HideSolutionNode = FALSE
	EndGlobalSection
	GlobalSection(ExtensibilityGlobals) = postSolution
		SolutionGuid = {48EBC522-2266-449F-B9F8-D983F915EA36}
	EndGlobalSection
EndGlobal
